
Microsoft Visual Studio Solution File, Format Version 12.00
# Visual Studio 15
VisualStudioVersion = 15.0.33403.129
MinimumVisualStudioVersion = 10.0.40219.1
Project("{159641D6-6404-4A2A-AE62-294DE0FE8301}") = "SAPParts", "SAPParts\SAPParts.dtproj", "{69715B14-46F3-4598-81DA-ACC4955E0DF5}"
EndProject
Project("{6870E480-7721-4708-BFB8-9AE898AA21B3}") = "Sample", "Sample\Sample.smproj", "{8CE414BB-95B2-4C99-9E03-51BA72086E22}"
EndProject
Global
	GlobalSection(SolutionConfigurationPlatforms) = preSolution
		Development|x86 = Development|x86
	EndGlobalSection
	GlobalSection(ProjectConfigurationPlatforms) = postSolution
		{69715B14-46F3-4598-81DA-ACC4955E0DF5}.Development|x86.ActiveCfg = Development
		{69715B14-46F3-4598-81DA-ACC4955E0DF5}.Development|x86.Build.0 = Development
		{8CE414BB-95B2-4C99-9E03-51BA72086E22}.Development|x86.ActiveCfg = Development|x86
		{8CE414BB-95B2-4C99-9E03-51BA72086E22}.Development|x86.Build.0 = Development|x86
		{8CE414BB-95B2-4C99-9E03-51BA72086E22}.Development|x86.Deploy.0 = Development|x86
	EndGlobalSection
	GlobalSection(SolutionProperties) = preSolution
		HideSolutionNode = FALSE
	EndGlobalSection
	GlobalSection(ExtensibilityGlobals) = postSolution
		SolutionGuid = {A40E16B8-62F9-4699-ADB8-68A86A974073}
	EndGlobalSection
EndGlobal
